
Microsoft Visual Studio Solution File, Format Version 12.00
# Visual Studio Version 17
VisualStudioVersion = 17.4.33213.308
MinimumVisualStudioVersion = 10.0.40219.1
Project("{2150E333-8FDC-42A3-9474-1A3956D46DE8}") = "Domain", "Domain", "{000CB81D-A4D0-4A9D-8602-6B38B1454558}"
EndProject
Project("{2150E333-8FDC-42A3-9474-1A3956D46DE8}") = "Data", "Data", "{09FFDD4C-8865-4366-A275-3BB978295AF1}"
EndProject
Project("{2150E333-8FDC-42A3-9474-1A3956D46DE8}") = "Application", "Application", "{D877F862-71CB-4167-AAD1-DE502CED81F6}"
EndProject
Project("{2150E333-8FDC-42A3-9474-1A3956D46DE8}") = "Config", "Config", "{049C76FE-E519-452E-A974-8BD1FA4C8E55}"
EndProject
Project("{2150E333-8FDC-42A3-9474-1A3956D46DE8}") = "Presantions", "Presantions", "{14861C0C-B723-4056-9C33-55BC13160F5A}"
EndProject
Project("{9A19103F-16F7-4668-BE54-9A1E7A4F7556}") = "Domain", "Domain\Domain.csproj", "{DA10E447-7FE5-4D98-B5ED-71FD79C5C38E}"
EndProject
Project("{9A19103F-16F7-4668-BE54-9A1E7A4F7556}") = "Data", "Data\Data.csproj", "{08DFBA23-2E30-400D-943B-BAE36F8CBDD9}"
EndProject
Project("{9A19103F-16F7-4668-BE54-9A1E7A4F7556}") = "Application", "Application\Application.csproj", "{FA95B66C-29A9-4232-A73B-1CA8450578E6}"
EndProject
Project("{9A19103F-16F7-4668-BE54-9A1E7A4F7556}") = "IOCConfig", "IOCConfig\IOCConfig.csproj", "{AB990925-AA2B-45DB-B4E0-B688A1EA6CE2}"
EndProject
Project("{9A19103F-16F7-4668-BE54-9A1E7A4F7556}") = "BestKala", "DatingApps\BestKala.csproj", "{4801240B-469E-47F5-B730-DF79E8BB8C1E}"
EndProject
Global
	GlobalSection(SolutionConfigurationPlatforms) = preSolution
		Debug|Any CPU = Debug|Any CPU
		Release|Any CPU = Release|Any CPU
	EndGlobalSection
	GlobalSection(ProjectConfigurationPlatforms) = postSolution
		{DA10E447-7FE5-4D98-B5ED-71FD79C5C38E}.Debug|Any CPU.ActiveCfg = Debug|Any CPU
		{DA10E447-7FE5-4D98-B5ED-71FD79C5C38E}.Debug|Any CPU.Build.0 = Debug|Any CPU
		{DA10E447-7FE5-4D98-B5ED-71FD79C5C38E}.Release|Any CPU.ActiveCfg = Release|Any CPU
		{DA10E447-7FE5-4D98-B5ED-71FD79C5C38E}.Release|Any CPU.Build.0 = Release|Any CPU
		{08DFBA23-2E30-400D-943B-BAE36F8CBDD9}.Debug|Any CPU.ActiveCfg = Debug|Any CPU
		{08DFBA23-2E30-400D-943B-BAE36F8CBDD9}.Debug|Any CPU.Build.0 = Debug|Any CPU
		{08DFBA23-2E30-400D-943B-BAE36F8CBDD9}.Release|Any CPU.ActiveCfg = Release|Any CPU
		{08DFBA23-2E30-400D-943B-BAE36F8CBDD9}.Release|Any CPU.Build.0 = Release|Any CPU
		{FA95B66C-29A9-4232-A73B-1CA8450578E6}.Debug|Any CPU.ActiveCfg = Debug|Any CPU
		{FA95B66C-29A9-4232-A73B-1CA8450578E6}.Debug|Any CPU.Build.0 = Debug|Any CPU
		{FA95B66C-29A9-4232-A73B-1CA8450578E6}.Release|Any CPU.ActiveCfg = Release|Any CPU
		{FA95B66C-29A9-4232-A73B-1CA8450578E6}.Release|Any CPU.Build.0 = Release|Any CPU
		{AB990925-AA2B-45DB-B4E0-B688A1EA6CE2}.Debug|Any CPU.ActiveCfg = Debug|Any CPU
		{AB990925-AA2B-45DB-B4E0-B688A1EA6CE2}.Debug|Any CPU.Build.0 = Debug|Any CPU
		{AB990925-AA2B-45DB-B4E0-B688A1EA6CE2}.Release|Any CPU.ActiveCfg = Release|Any CPU
		{AB990925-AA2B-45DB-B4E0-B688A1EA6CE2}.Release|Any CPU.Build.0 = Release|Any CPU
		{4801240B-469E-47F5-B730-DF79E8BB8C1E}.Debug|Any CPU.ActiveCfg = Debug|Any CPU
		{4801240B-469E-47F5-B730-DF79E8BB8C1E}.Debug|Any CPU.Build.0 = Debug|Any CPU
		{4801240B-469E-47F5-B730-DF79E8BB8C1E}.Release|Any CPU.ActiveCfg = Release|Any CPU
		{4801240B-469E-47F5-B730-DF79E8BB8C1E}.Release|Any CPU.Build.0 = Release|Any CPU
	EndGlobalSection
	GlobalSection(SolutionProperties) = preSolution
		HideSolutionNode = FALSE
	EndGlobalSection
	GlobalSection(NestedProjects) = preSolution
		{DA10E447-7FE5-4D98-B5ED-71FD79C5C38E} = {000CB81D-A4D0-4A9D-8602-6B38B1454558}
		{08DFBA23-2E30-400D-943B-BAE36F8CBDD9} = {09FFDD4C-8865-4366-A275-3BB978295AF1}
		{FA95B66C-29A9-4232-A73B-1CA8450578E6} = {D877F862-71CB-4167-AAD1-DE502CED81F6}
		{AB990925-AA2B-45DB-B4E0-B688A1EA6CE2} = {049C76FE-E519-452E-A974-8BD1FA4C8E55}
		{4801240B-469E-47F5-B730-DF79E8BB8C1E} = {14861C0C-B723-4056-9C33-55BC13160F5A}
	EndGlobalSection
	GlobalSection(ExtensibilityGlobals) = postSolution
		SolutionGuid = {5FC539FF-5A95-44AE-8D69-94FC538090F2}
	EndGlobalSection
EndGlobal
